{
    "_meta": {
        "hash": {
            "sha256": "2d3160e6ec2c26792049027467d374ec002f644000d9230bdbc89c036151b981"
        },
        "pipfile-spec": 6,
        "requires": {
            "python_version": "3.13"
        },
        "sources": [
            {
                "name": "pypi",
                "url": "https://pypi.org/simple",
                "verify_ssl": true
            }
        ]
    },
    "default": {
        "argcomplete": {
            "hashes": [
                "sha256:62e8ed4fd6a45864acc8235409461b72c9a28ee785a2011cc5eb78318786c89c",
                "sha256:f5007b3a600ccac5d25bbce33089211dfd49eab4a7718da3f10e3082525a92ce"
            ],
            "index": "pypi",
            "markers": "python_version >= '3.8'",
            "version": "==3.6.3"
        },
        "nodup": {
            "editable": true,
            "file": "."
        }
    },
    "develop": {}
}
